
Microsoft Visual Studio Solution File, Format Version 12.00
# Visual Studio Version 16
VisualStudioVersion = 16.0.31129.286
MinimumVisualStudioVersion = 10.0.40219.1
Project("{9A19103F-16F7-4668-BE54-9A1E7A4F7556}") = "PROGRMA_CONTABLE", "PROGRMA_CONTABLE.csproj", "{A3E28CA7-E14F-4B1F-9F95-AC0144DD7929}"
EndProject
Project("{9A19103F-16F7-4668-BE54-9A1E7A4F7556}") = "Infraestructure", "..\Infraestructure\Infraestructure.csproj", "{E1626CBB-7EAF-4C36-B20A-F8AA5283F1B8}"
EndProject
Project("{FAE04EC0-301F-11D3-BF4B-00C04F79EFBC}") = "Domaain", "..\Domaain\Domaain.csproj", "{926EFF34-589D-4BB1-A6EE-A00E127F027E}"
EndProject
Project("{FAE04EC0-301F-11D3-BF4B-00C04F79EFBC}") = "AppCore", "..\AppCore\AppCore.csproj", "{A3A1A8C1-1411-4C03-8EC1-8D3DAB565F11}"
EndProject
Global
	GlobalSection(SolutionConfigurationPlatforms) = preSolution
		Debug|Any CPU = Debug|Any CPU
		Release|Any CPU = Release|Any CPU
	EndGlobalSection
	GlobalSection(ProjectConfigurationPlatforms) = postSolution
		{A3E28CA7-E14F-4B1F-9F95-AC0144DD7929}.Debug|Any CPU.ActiveCfg = Debug|Any CPU
		{A3E28CA7-E14F-4B1F-9F95-AC0144DD7929}.Debug|Any CPU.Build.0 = Debug|Any CPU
		{A3E28CA7-E14F-4B1F-9F95-AC0144DD7929}.Release|Any CPU.ActiveCfg = Release|Any CPU
		{A3E28CA7-E14F-4B1F-9F95-AC0144DD7929}.Release|Any CPU.Build.0 = Release|Any CPU
		{E1626CBB-7EAF-4C36-B20A-F8AA5283F1B8}.Debug|Any CPU.ActiveCfg = Debug|Any CPU
		{E1626CBB-7EAF-4C36-B20A-F8AA5283F1B8}.Debug|Any CPU.Build.0 = Debug|Any CPU
		{E1626CBB-7EAF-4C36-B20A-F8AA5283F1B8}.Release|Any CPU.ActiveCfg = Release|Any CPU
		{E1626CBB-7EAF-4C36-B20A-F8AA5283F1B8}.Release|Any CPU.Build.0 = Release|Any CPU
		{926EFF34-589D-4BB1-A6EE-A00E127F027E}.Debug|Any CPU.ActiveCfg = Debug|Any CPU
		{926EFF34-589D-4BB1-A6EE-A00E127F027E}.Debug|Any CPU.Build.0 = Debug|Any CPU
		{926EFF34-589D-4BB1-A6EE-A00E127F027E}.Release|Any CPU.ActiveCfg = Release|Any CPU
		{926EFF34-589D-4BB1-A6EE-A00E127F027E}.Release|Any CPU.Build.0 = Release|Any CPU
		{A3A1A8C1-1411-4C03-8EC1-8D3DAB565F11}.Debug|Any CPU.ActiveCfg = Debug|Any CPU
		{A3A1A8C1-1411-4C03-8EC1-8D3DAB565F11}.Debug|Any CPU.Build.0 = Debug|Any CPU
		{A3A1A8C1-1411-4C03-8EC1-8D3DAB565F11}.Release|Any CPU.ActiveCfg = Release|Any CPU
		{A3A1A8C1-1411-4C03-8EC1-8D3DAB565F11}.Release|Any CPU.Build.0 = Release|Any CPU
	EndGlobalSection
	GlobalSection(SolutionProperties) = preSolution
		HideSolutionNode = FALSE
	EndGlobalSection
	GlobalSection(ExtensibilityGlobals) = postSolution
		SolutionGuid = {DEAE243E-FC80-4686-A6EE-2AF1849DC48F}
	EndGlobalSection
EndGlobal
